
Microsoft Visual Studio Solution File, Format Version 12.00
# Visual Studio Version 16
VisualStudioVersion = 16.0.29905.134
MinimumVisualStudioVersion = 10.0.40219.1
Project("{FAE04EC0-301F-11D3-BF4B-00C04F79EFBC}") = "MTrade", "MTrade\MTrade.csproj", "{281534AB-57DF-4866-8AF8-15D929C06343}"
EndProject
Global
	GlobalSection(SolutionConfigurationPlatforms) = preSolution
		Debug|Any CPU = Debug|Any CPU
		Release|Any CPU = Release|Any CPU
	EndGlobalSection
	GlobalSection(ProjectConfigurationPlatforms) = postSolution
		{281534AB-57DF-4866-8AF8-15D929C06343}.Debug|Any CPU.ActiveCfg = Debug|Any CPU
		{281534AB-57DF-4866-8AF8-15D929C06343}.Debug|Any CPU.Build.0 = Debug|Any CPU
		{281534AB-57DF-4866-8AF8-15D929C06343}.Release|Any CPU.ActiveCfg = Release|Any CPU
		{281534AB-57DF-4866-8AF8-15D929C06343}.Release|Any CPU.Build.0 = Release|Any CPU
	EndGlobalSection
	GlobalSection(SolutionProperties) = preSolution
		HideSolutionNode = FALSE
	EndGlobalSection
	GlobalSection(ExtensibilityGlobals) = postSolution
		SolutionGuid = {A0A97CFB-A0AB-40E7-9352-2FDC7F9897C6}
	EndGlobalSection
EndGlobal
